
Microsoft Visual Studio Solution File, Format Version 12.00
# Visual Studio Version 17
VisualStudioVersion = 17.7.33927.210
MinimumVisualStudioVersion = 10.0.40219.1
Project("{FAE04EC0-301F-11D3-BF4B-00C04F79EFBC}") = "TourOfHeroesWebApi", "TourOfHeroesWebApi.csproj", "{13F74599-4D8E-437B-86E0-73CB65D9A51D}"
EndProject
Global
	GlobalSection(SolutionConfigurationPlatforms) = preSolution
		Debug|Any CPU = Debug|Any CPU
		Release|Any CPU = Release|Any CPU
	EndGlobalSection
	GlobalSection(ProjectConfigurationPlatforms) = postSolution
		{13F74599-4D8E-437B-86E0-73CB65D9A51D}.Debug|Any CPU.ActiveCfg = Debug|Any CPU
		{13F74599-4D8E-437B-86E0-73CB65D9A51D}.Debug|Any CPU.Build.0 = Debug|Any CPU
		{13F74599-4D8E-437B-86E0-73CB65D9A51D}.Release|Any CPU.ActiveCfg = Release|Any CPU
		{13F74599-4D8E-437B-86E0-73CB65D9A51D}.Release|Any CPU.Build.0 = Release|Any CPU
	EndGlobalSection
	GlobalSection(SolutionProperties) = preSolution
		HideSolutionNode = FALSE
	EndGlobalSection
	GlobalSection(ExtensibilityGlobals) = postSolution
		SolutionGuid = {BF46F853-C4BA-41A7-88B4-445249E604A2}
	EndGlobalSection
EndGlobal
